
Microsoft Visual Studio Solution File, Format Version 12.00
# Visual Studio Version 17
VisualStudioVersion = 17.7.33927.210
MinimumVisualStudioVersion = 10.0.40219.1
Project("{54A90642-561A-4BB1-A94E-469ADEE60C69}") = "ACADEMY.UI.APP", "ACADEMY.UI.APP\ACADEMY.UI.APP.esproj", "{CAFC9BC0-5CD5-4868-AD7E-FB4EF347C679}"
EndProject
Project("{9A19103F-16F7-4668-BE54-9A1E7A4F7556}") = "ACADEMY.UI.API", "ACADEMY.UI.API\ACADEMY.UI.API.csproj", "{1DF40B18-916F-4EE9-9B99-B94593DEFF8A}"
EndProject
Project("{2150E333-8FDC-42A3-9474-1A3956D46DE8}") = "1. UI", "1. UI", "{7B553053-B0B2-401E-8593-3CE437560C96}"
EndProject
Project("{2150E333-8FDC-42A3-9474-1A3956D46DE8}") = "2. APPLICATION", "2. APPLICATION", "{AE87FB89-8B2D-4F5B-A678-24D395B86F97}"
EndProject
Project("{2150E333-8FDC-42A3-9474-1A3956D46DE8}") = "3. INFRASTRUCTURE", "3. INFRASTRUCTURE", "{8E9E7FF7-C3C5-4DC8-A65F-BC4BA1B441D0}"
EndProject
Project("{9A19103F-16F7-4668-BE54-9A1E7A4F7556}") = "ACADEMY.APPLICATION", "ACADEMY.APPLICATION\ACADEMY.APPLICATION.csproj", "{A1250C42-332E-408A-8544-3962EF15A769}"
EndProject
Project("{2150E333-8FDC-42A3-9474-1A3956D46DE8}") = "4. DOMAIN", "4. DOMAIN", "{5F8930D2-00D9-443C-AA2E-F19CC9A73AB5}"
EndProject
Project("{FAE04EC0-301F-11D3-BF4B-00C04F79EFBC}") = "ACADEMY.DOMAIN", "ACADEMY.DOMAIN\ACADEMY.DOMAIN.csproj", "{0F528626-5338-48F3-A3BF-7BE2B1F4C472}"
EndProject
Project("{9A19103F-16F7-4668-BE54-9A1E7A4F7556}") = "ACADEMY.INFRA.SQL", "ACADEMY.INFRA.SQL\ACADEMY.INFRA.SQL.csproj", "{BFE63E4C-6850-4970-A370-22057A14234D}"
EndProject
Project("{FAE04EC0-301F-11D3-BF4B-00C04F79EFBC}") = "ACADEMY.INFRA.MAIL", "ACADEMY.INFRA.MAIL\ACADEMY.INFRA.MAIL.csproj", "{4EBE7DAF-F901-4F26-ABDF-C397DB9546F3}"
EndProject
Global
	GlobalSection(SolutionConfigurationPlatforms) = preSolution
		Debug|Any CPU = Debug|Any CPU
		Release|Any CPU = Release|Any CPU
	EndGlobalSection
	GlobalSection(ProjectConfigurationPlatforms) = postSolution
		{CAFC9BC0-5CD5-4868-AD7E-FB4EF347C679}.Debug|Any CPU.ActiveCfg = Debug|Any CPU
		{CAFC9BC0-5CD5-4868-AD7E-FB4EF347C679}.Debug|Any CPU.Build.0 = Debug|Any CPU
		{CAFC9BC0-5CD5-4868-AD7E-FB4EF347C679}.Debug|Any CPU.Deploy.0 = Debug|Any CPU
		{CAFC9BC0-5CD5-4868-AD7E-FB4EF347C679}.Release|Any CPU.ActiveCfg = Release|Any CPU
		{CAFC9BC0-5CD5-4868-AD7E-FB4EF347C679}.Release|Any CPU.Build.0 = Release|Any CPU
		{CAFC9BC0-5CD5-4868-AD7E-FB4EF347C679}.Release|Any CPU.Deploy.0 = Release|Any CPU
		{1DF40B18-916F-4EE9-9B99-B94593DEFF8A}.Debug|Any CPU.ActiveCfg = Debug|Any CPU
		{1DF40B18-916F-4EE9-9B99-B94593DEFF8A}.Debug|Any CPU.Build.0 = Debug|Any CPU
		{1DF40B18-916F-4EE9-9B99-B94593DEFF8A}.Release|Any CPU.ActiveCfg = Release|Any CPU
		{1DF40B18-916F-4EE9-9B99-B94593DEFF8A}.Release|Any CPU.Build.0 = Release|Any CPU
		{A1250C42-332E-408A-8544-3962EF15A769}.Debug|Any CPU.ActiveCfg = Debug|Any CPU
		{A1250C42-332E-408A-8544-3962EF15A769}.Debug|Any CPU.Build.0 = Debug|Any CPU
		{A1250C42-332E-408A-8544-3962EF15A769}.Release|Any CPU.ActiveCfg = Release|Any CPU
		{A1250C42-332E-408A-8544-3962EF15A769}.Release|Any CPU.Build.0 = Release|Any CPU
		{0F528626-5338-48F3-A3BF-7BE2B1F4C472}.Debug|Any CPU.ActiveCfg = Debug|Any CPU
		{0F528626-5338-48F3-A3BF-7BE2B1F4C472}.Debug|Any CPU.Build.0 = Debug|Any CPU
		{0F528626-5338-48F3-A3BF-7BE2B1F4C472}.Release|Any CPU.ActiveCfg = Release|Any CPU
		{0F528626-5338-48F3-A3BF-7BE2B1F4C472}.Release|Any CPU.Build.0 = Release|Any CPU
		{BFE63E4C-6850-4970-A370-22057A14234D}.Debug|Any CPU.ActiveCfg = Debug|Any CPU
		{BFE63E4C-6850-4970-A370-22057A14234D}.Debug|Any CPU.Build.0 = Debug|Any CPU
		{BFE63E4C-6850-4970-A370-22057A14234D}.Release|Any CPU.ActiveCfg = Release|Any CPU
		{BFE63E4C-6850-4970-A370-22057A14234D}.Release|Any CPU.Build.0 = Release|Any CPU
		{4EBE7DAF-F901-4F26-ABDF-C397DB9546F3}.Debug|Any CPU.ActiveCfg = Debug|Any CPU
		{4EBE7DAF-F901-4F26-ABDF-C397DB9546F3}.Debug|Any CPU.Build.0 = Debug|Any CPU
		{4EBE7DAF-F901-4F26-ABDF-C397DB9546F3}.Release|Any CPU.ActiveCfg = Release|Any CPU
		{4EBE7DAF-F901-4F26-ABDF-C397DB9546F3}.Release|Any CPU.Build.0 = Release|Any CPU
	EndGlobalSection
	GlobalSection(SolutionProperties) = preSolution
		HideSolutionNode = FALSE
	EndGlobalSection
	GlobalSection(NestedProjects) = preSolution
		{CAFC9BC0-5CD5-4868-AD7E-FB4EF347C679} = {7B553053-B0B2-401E-8593-3CE437560C96}
		{1DF40B18-916F-4EE9-9B99-B94593DEFF8A} = {7B553053-B0B2-401E-8593-3CE437560C96}
		{A1250C42-332E-408A-8544-3962EF15A769} = {AE87FB89-8B2D-4F5B-A678-24D395B86F97}
		{0F528626-5338-48F3-A3BF-7BE2B1F4C472} = {5F8930D2-00D9-443C-AA2E-F19CC9A73AB5}
		{BFE63E4C-6850-4970-A370-22057A14234D} = {8E9E7FF7-C3C5-4DC8-A65F-BC4BA1B441D0}
		{4EBE7DAF-F901-4F26-ABDF-C397DB9546F3} = {8E9E7FF7-C3C5-4DC8-A65F-BC4BA1B441D0}
	EndGlobalSection
	GlobalSection(ExtensibilityGlobals) = postSolution
		SolutionGuid = {F5CDE9FD-9505-4BE8-8A7D-1B6F50206811}
	EndGlobalSection
EndGlobal
